// !$*UTF8*$!
{
	archiveVersion = 1;
	classes = {
	};
	objectVersion = 50;
	objects = {

/* Begin PBXBuildFile section */
		99E735A22366EBFB00987270 /* AppDelegate.swift in Sources */ = {isa = PBXBuildFile; fileRef = 99E735A12366EBFB00987270 /* AppDelegate.swift */; };
		99E735A42366EBFB00987270 /* SceneDelegate.swift in Sources */ = {isa = PBXBuildFile; fileRef = 99E735A32366EBFB00987270 /* SceneDelegate.swift */; };
		99E735A62366EBFB00987270 /* ViewController.swift in Sources */ = {isa = PBXBuildFile; fileRef = 99E735A52366EBFB00987270 /* ViewController.swift */; };
		99E735A92366EBFB00987270 /* Main.storyboard in Resources */ = {isa = PBXBuildFile; fileRef = 99E735A72366EBFB00987270 /* Main.storyboard */; };
		99E735AB2366EBFE00987270 /* Assets.xcassets in Resources */ = {isa = PBXBuildFile; fileRef = 99E735AA2366EBFE00987270 /* Assets.xcassets */; };
		99E735AE2366EBFE00987270 /* LaunchScreen.storyboard in Resources */ = {isa = PBXBuildFile; fileRef = 99E735AC2366EBFE00987270 /* LaunchScreen.storyboard */; };
		99E735B92366EBFE00987270 /* AutoMLiOSTests.swift in Sources */ = {isa = PBXBuildFile; fileRef = 99E735B82366EBFE00987270 /* AutoMLiOSTests.swift */; };
		99E735C42366EBFE00987270 /* AutoMLiOSUITests.swift in Sources */ = {isa = PBXBuildFile; fileRef = 99E735C32366EBFE00987270 /* AutoMLiOSUITests.swift */; };
/* End PBXBuildFile section */

/* Begin PBXContainerItemProxy section */
		99E735B52366EBFE00987270 /* PBXContainerItemProxy */ = {
			isa = PBXContainerItemProxy;
			containerPortal = 99E735962366EBFA00987270 /* Project object */;
			proxyType = 1;
			remoteGlobalIDString = 99E7359D2366EBFB00987270;
			remoteInfo = AutoMLiOS;
		};
		99E735C02366EBFE00987270 /* PBXContainerItemProxy */ = {
			isa = PBXContainerItemProxy;
			containerPortal = 99E735962366EBFA00987270 /* Project object */;
			proxyType = 1;
			remoteGlobalIDString = 99E7359D2366EBFB00987270;
			remoteInfo = AutoMLiOS;
		};
/* End PBXContainerItemProxy section */

/* Begin PBXFileReference section */
		99E7359E2366EBFB00987270 /* AutoMLiOS.app */ = {isa = PBXFileReference; explicitFileType = wrapper.application; includeInIndex = 0; path = AutoMLiOS.app; sourceTree = BUILT_PRODUCTS_DIR; };
		99E735A12366EBFB00987270 /* AppDelegate.swift */ = {isa = PBXFileReference; lastKnownFileType = sourcecode.swift; path = AppDelegate.swift; sourceTree = "<group>"; };
		99E735A32366EBFB00987270 /* SceneDelegate.swift */ = {isa = PBXFileReference; lastKnownFileType = sourcecode.swift; path = SceneDelegate.swift; sourceTree = "<group>"; };
		99E735A52366EBFB00987270 /* ViewController.swift */ = {isa = PBXFileReference; lastKnownFileType = sourcecode.swift; path = ViewController.swift; sourceTree = "<group>"; };
		99E735A82366EBFB00987270 /* Base */ = {isa = PBXFileReference; lastKnownFileType = file.storyboard; name = Base; path = Base.lproj/Main.storyboard; sourceTree = "<group>"; };
		99E735AA2366EBFE00987270 /* Assets.xcassets */ = {isa = PBXFileReference; lastKnownFileType = folder.assetcatalog; path = Assets.xcassets; sourceTree = "<group>"; };
		99E735AD2366EBFE00987270 /* Base */ = {isa = PBXFileReference; lastKnownFileType = file.storyboard; name = Base; path = Base.lproj/LaunchScreen.storyboard; sourceTree = "<group>"; };
		99E735AF2366EBFE00987270 /* Info.plist */ = {isa = PBXFileReference; lastKnownFileType = text.plist.xml; path = Info.plist; sourceTree = "<group>"; };
		99E735B42366EBFE00987270 /* AutoMLiOSTests.xctest */ = {isa = PBXFileReference; explicitFileType = wrapper.cfbundle; includeInIndex = 0; path = AutoMLiOSTests.xctest; sourceTree = BUILT_PRODUCTS_DIR; };
		99E735B82366EBFE00987270 /* AutoMLiOSTests.swift */ = {isa = PBXFileReference; lastKnownFileType = sourcecode.swift; path = AutoMLiOSTests.swift; sourceTree = "<group>"; };
		99E735BA2366EBFE00987270 /* Info.plist */ = {isa = PBXFileReference; lastKnownFileType = text.plist.xml; path = Info.plist; sourceTree = "<group>"; };
		99E735BF2366EBFE00987270 /* AutoMLiOSUITests.xctest */ = {isa = PBXFileReference; explicitFileType = wrapper.cfbundle; includeInIndex = 0; path = AutoMLiOSUITests.xctest; sourceTree = BUILT_PRODUCTS_DIR; };
		99E735C32366EBFE00987270 /* AutoMLiOSUITests.swift */ = {isa = PBXFileReference; lastKnownFileType = sourcecode.swift; path = AutoMLiOSUITests.swift; sourceTree = "<group>"; };
		99E735C52366EBFE00987270 /* Info.plist */ = {isa = PBXFileReference; lastKnownFileType = text.plist.xml; path = Info.plist; sourceTree = "<group>"; };
/* End PBXFileReference section */

/* Begin PBXFrameworksBuildPhase section */
		99E7359B2366EBFB00987270 /* Frameworks */ = {
			isa = PBXFrameworksBuildPhase;
			buildActionMask = 2147483647;
			files = (
			);
			runOnlyForDeploymentPostprocessing = 0;
		};
		99E735B12366EBFE00987270 /* Frameworks */ = {
			isa = PBXFrameworksBuildPhase;
			buildActionMask = 2147483647;
			files = (
			);
			runOnlyForDeploymentPostprocessing = 0;
		};
		99E735BC2366EBFE00987270 /* Frameworks */ = {
			isa = PBXFrameworksBuildPhase;
			buildActionMask = 2147483647;
			files = (
			);
			runOnlyForDeploymentPostprocessing = 0;
		};
/* End PBXFrameworksBuildPhase section */

/* Begin PBXGroup section */
		99E735952366EBFA00987270 = {
			isa = PBXGroup;
			children = (
				99E735A02366EBFB00987270 /* AutoMLiOS */,
				99E735B72366EBFE00987270 /* AutoMLiOSTests */,
				99E735C22366EBFE00987270 /* AutoMLiOSUITests */,
				99E7359F2366EBFB00987270 /* Products */,
			);
			sourceTree = "<group>";
		};
		99E7359F2366EBFB00987270 /* Products */ = {
			isa = PBXGroup;
			children = (
				99E7359E2366EBFB00987270 /* AutoMLiOS.app */,
				99E735B42366EBFE00987270 /* AutoMLiOSTests.xctest */,
				99E735BF2366EBFE00987270 /* AutoMLiOSUITests.xctest */,
			);
			name = Products;
			sourceTree = "<group>";
		};
		99E735A02366EBFB00987270 /* AutoMLiOS */ = {
			isa = PBXGroup;
			children = (
				99E735A12366EBFB00987270 /* AppDelegate.swift */,
				99E735A32366EBFB00987270 /* SceneDelegate.swift */,
				99E735A52366EBFB00987270 /* ViewController.swift */,
				99E735A72366EBFB00987270 /* Main.storyboard */,
				99E735AA2366EBFE00987270 /* Assets.xcassets */,
				99E735AC2366EBFE00987270 /* LaunchScreen.storyboard */,
				99E735AF2366EBFE00987270 /* Info.plist */,
			);
			path = AutoMLiOS;
			sourceTree = "<group>";
		};
		99E735B72366EBFE00987270 /* AutoMLiOSTests */ = {
			isa = PBXGroup;
			children = (
				99E735B82366EBFE00987270 /* AutoMLiOSTests.swift */,
				99E735BA2366EBFE00987270 /* Info.plist */,
			);
			path = AutoMLiOSTests;
			sourceTree = "<group>";
		};
		99E735C22366EBFE00987270 /* AutoMLiOSUITests */ = {
			isa = PBXGroup;
			children = (
				99E735C32366EBFE00987270 /* AutoMLiOSUITests.swift */,
				99E735C52366EBFE00987270 /* Info.plist */,
			);
			path = AutoMLiOSUITests;
			sourceTree = "<group>";
		};
/* End PBXGroup section */

/* Begin PBXNativeTarget section */
		99E7359D2366EBFB00987270 /* AutoMLiOS */ = {
			isa = PBXNativeTarget;
			buildConfigurationList = 99E735C82366EBFE00987270 /* Build configuration list for PBXNativeTarget "AutoMLiOS" */;
			buildPhases = (
				99E7359A2366EBFB00987270 /* Sources */,
				99E7359B2366EBFB00987270 /* Frameworks */,
				99E7359C2366EBFB00987270 /* Resources */,
			);
			buildRules = (
			);
			dependencies = (
			);
			name = AutoMLiOS;
			productName = AutoMLiOS;
			productReference = 99E7359E2366EBFB00987270 /* AutoMLiOS.app */;
			productType = "com.apple.product-type.application";
		};
		99E735B32366EBFE00987270 /* AutoMLiOSTests */ = {
			isa = PBXNativeTarget;
			buildConfigurationList = 99E735CB2366EBFE00987270 /* Build configuration list for PBXNativeTarget "AutoMLiOSTests" */;
			buildPhases = (
				99E735B02366EBFE00987270 /* Sources */,
				99E735B12366EBFE00987270 /* Frameworks */,
				99E735B22366EBFE00987270 /* Resources */,
			);
			buildRules = (
			);
			dependencies = (
				99E735B62366EBFE00987270 /* PBXTargetDependency */,
			);
			name = AutoMLiOSTests;
			productName = AutoMLiOSTests;
			productReference = 99E735B42366EBFE00987270 /* AutoMLiOSTests.xctest */;
			productType = "com.apple.product-type.bundle.unit-test";
		};
		99E735BE2366EBFE00987270 /* AutoMLiOSUITests */ = {
			isa = PBXNativeTarget;
			buildConfigurationList = 99E735CE2366EBFE00987270 /* Build configuration list for PBXNativeTarget "AutoMLiOSUITests" */;
			buildPhases = (
				99E735BB2366EBFE00987270 /* Sources */,
				99E735BC2366EBFE00987270 /* Frameworks */,
				99E735BD2366EBFE00987270 /* Resources */,
			);
			buildRules = (
			);
			dependencies = (
				99E735C12366EBFE00987270 /* PBXTargetDependency */,
			);
			name = AutoMLiOSUITests;
			productName = AutoMLiOSUITests;
			productReference = 99E735BF2366EBFE00987270 /* AutoMLiOSUITests.xctest */;
			productType = "com.apple.product-type.bundle.ui-testing";
		};
/* End PBXNativeTarget section */

/* Begin PBXProject section */
		99E735962366EBFA00987270 /* Project object */ = {
			isa = PBXProject;
			attributes = {
				LastSwiftUpdateCheck = 1110;
				LastUpgradeCheck = 1110;
				ORGANIZATIONNAME = DVT;
				TargetAttributes = {
					99E7359D2366EBFB00987270 = {
						CreatedOnToolsVersion = 11.1;
					};
					99E735B32366EBFE00987270 = {
						CreatedOnToolsVersion = 11.1;
						TestTargetID = 99E7359D2366EBFB00987270;
					};
					99E735BE2366EBFE00987270 = {
						CreatedOnToolsVersion = 11.1;
						TestTargetID = 99E7359D2366EBFB00987270;
					};
				};
			};
			buildConfigurationList = 99E735992366EBFA00987270 /* Build configuration list for PBXProject "AutoMLiOS" */;
			compatibilityVersion = "Xcode 9.3";
			developmentRegion = en;
			hasScannedForEncodings = 0;
			knownRegions = (
				en,
				Base,
			);
			mainGroup = 99E735952366EBFA00987270;
			productRefGroup = 99E7359F2366EBFB00987270 /* Products */;
			projectDirPath = "";
			projectRoot = "";
			targets = (
				99E7359D2366EBFB00987270 /* AutoMLiOS */,
				99E735B32366EBFE00987270 /* AutoMLiOSTests */,
				99E735BE2366EBFE00987270 /* AutoMLiOSUITests */,
			);
		};
/* End PBXProject section */

/* Begin PBXResourcesBuildPhase section */
		99E7359C2366EBFB00987270 /* Resources */ = {
			isa = PBXResourcesBuildPhase;
			buildActionMask = 2147483647;
			files = (
				99E735AE2366EBFE00987270 /* LaunchScreen.storyboard in Resources */,
				99E735AB2366EBFE00987270 /* Assets.xcassets in Resources */,
				99E735A92366EBFB00987270 /* Main.storyboard in Resources */,
			);
			runOnlyForDeploymentPostprocessing = 0;
		};
		99E735B22366EBFE00987270 /* Resources */ = {
			isa = PBXResourcesBuildPhase;
			buildActionMask = 2147483647;
			files = (
			);
			runOnlyForDeploymentPostprocessing = 0;
		};
		99E735BD2366EBFE00987270 /* Resources */ = {
			isa = PBXResourcesBuildPhase;
			buildActionMask = 2147483647;
			files = (
			);
			runOnlyForDeploymentPostprocessing = 0;
		};
/* End PBXResourcesBuildPhase section */

/* Begin PBXSourcesBuildPhase section */
		99E7359A2366EBFB00987270 /* Sources */ = {
			isa = PBXSourcesBuildPhase;
			buildActionMask = 2147483647;
			files = (
				99E735A62366EBFB00987270 /* ViewController.swift in Sources */,
				99E735A22366EBFB00987270 /* AppDelegate.swift in Sources */,
				99E735A42366EBFB00987270 /* SceneDelegate.swift in Sources */,
			);
			runOnlyForDeploymentPostprocessing = 0;
		};
		99E735B02366EBFE00987270 /* Sources */ = {
			isa = PBXSourcesBuildPhase;
			buildActionMask = 2147483647;
			files = (
				99E735B92366EBFE00987270 /* AutoMLiOSTests.swift in Sources */,
			);
			runOnlyForDeploymentPostprocessing = 0;
		};
		99E735BB2366EBFE00987270 /* Sources */ = {
			isa = PBXSourcesBuildPhase;
			buildActionMask = 2147483647;
			files = (
				99E735C42366EBFE00987270 /* AutoMLiOSUITests.swift in Sources */,
			);
			runOnlyForDeploymentPostprocessing = 0;
		};
/* End PBXSourcesBuildPhase section */

/* Begin PBXTargetDependency section */
		99E735B62366EBFE00987270 /* PBXTargetDependency */ = {
			isa = PBXTargetDependency;
			target = 99E7359D2366EBFB00987270 /* AutoMLiOS */;
			targetProxy = 99E735B52366EBFE00987270 /* PBXContainerItemProxy */;
		};
		99E735C12366EBFE00987270 /* PBXTargetDependency */ = {
			isa = PBXTargetDependency;
			target = 99E7359D2366EBFB00987270 /* AutoMLiOS */;
			targetProxy = 99E735C02366EBFE00987270 /* PBXContainerItemProxy */;
		};
/* End PBXTargetDependency section */

/* Begin PBXVariantGroup section */
		99E735A72366EBFB00987270 /* Main.storyboard */ = {
			isa = PBXVariantGroup;
			children = (
				99E735A82366EBFB00987270 /* Base */,
			);
			name = Main.storyboard;
			sourceTree = "<group>";
		};
		99E735AC2366EBFE00987270 /* LaunchScreen.storyboard */ = {
			isa = PBXVariantGroup;
			children = (
				99E735AD2366EBFE00987270 /* Base */,
			);
			name = LaunchScreen.storyboard;
			sourceTree = "<group>";
		};
/* End PBXVariantGroup section */

/* Begin XCBuildConfiguration section */
		99E735C62366EBFE00987270 /* Debug */ = {
			isa = XCBuildConfiguration;
			buildSettings = {
				ALWAYS_SEARCH_USER_PATHS = NO;
				CLANG_ANALYZER_NONNULL = YES;
				CLANG_ANALYZER_NUMBER_OBJECT_CONVERSION = YES_AGGRESSIVE;
				CLANG_CXX_LANGUAGE_STANDARD = "gnu++14";
				CLANG_CXX_LIBRARY = "libc++";
				CLANG_ENABLE_MODULES = YES;
				CLANG_ENABLE_OBJC_ARC = YES;
				CLANG_ENABLE_OBJC_WEAK = YES;
				CLANG_WARN_BLOCK_CAPTURE_AUTORELEASING = YES;
				CLANG_WARN_BOOL_CONVERSION = YES;
				CLANG_WARN_COMMA = YES;
				CLANG_WARN_CONSTANT_CONVERSION = YES;
				CLANG_WARN_DEPRECATED_OBJC_IMPLEMENTATIONS = YES;
				CLANG_WARN_DIRECT_OBJC_ISA_USAGE = YES_ERROR;
				CLANG_WARN_DOCUMENTATION_COMMENTS = YES;
				CLANG_WARN_EMPTY_BODY = YES;
				CLANG_WARN_ENUM_CONVERSION = YES;
				CLANG_WARN_INFINITE_RECURSION = YES;
				CLANG_WARN_INT_CONVERSION = YES;
				CLANG_WARN_NON_LITERAL_NULL_CONVERSION = YES;
				CLANG_WARN_OBJC_IMPLICIT_RETAIN_SELF = YES;
				CLANG_WARN_OBJC_LITERAL_CONVERSION = YES;
				CLANG_WARN_OBJC_ROOT_CLASS = YES_ERROR;
				CLANG_WARN_RANGE_LOOP_ANALYSIS = YES;
				CLANG_WARN_STRICT_PROTOTYPES = YES;
				CLANG_WARN_SUSPICIOUS_MOVE = YES;
				CLANG_WARN_UNGUARDED_AVAILABILITY = YES_AGGRESSIVE;
				CLANG_WARN_UNREACHABLE_CODE = YES;
				CLANG_WARN__DUPLICATE_METHOD_MATCH = YES;
				COPY_PHASE_STRIP = NO;
				DEBUG_INFORMATION_FORMAT = dwarf;
				ENABLE_STRICT_OBJC_MSGSEND = YES;
				ENABLE_TESTABILITY = YES;
				GCC_C_LANGUAGE_STANDARD = gnu11;
				GCC_DYNAMIC_NO_PIC = NO;
				GCC_NO_COMMON_BLOCKS = YES;
				GCC_OPTIMIZATION_LEVEL = 0;
				GCC_PREPROCESSOR_DEFINITIONS = (
					"DEBUG=1",
					"$(inherited)",
				);
				GCC_WARN_64_TO_32_BIT_CONVERSION = YES;
				GCC_WARN_ABOUT_RETURN_TYPE = YES_ERROR;
				GCC_WARN_UNDECLARED_SELECTOR = YES;
				GCC_WARN_UNINITIALIZED_AUTOS = YES_AGGRESSIVE;
				GCC_WARN_UNUSED_FUNCTION = YES;
				GCC_WARN_UNUSED_VARIABLE = YES;
				IPHONEOS_DEPLOYMENT_TARGET = 13.1;
				MTL_ENABLE_DEBUG_INFO = INCLUDE_SOURCE;
				MTL_FAST_MATH = YES;
				ONLY_ACTIVE_ARCH = YES;
				SDKROOT = iphoneos;
				SWIFT_ACTIVE_COMPILATION_CONDITIONS = DEBUG;
				SWIFT_OPTIMIZATION_LEVEL = "-Onone";
			};
			name = Debug;
		};
		99E735C72366EBFE00987270 /* Release */ = {
			isa = XCBuildConfiguration;
			buildSettings = {
				ALWAYS_SEARCH_USER_PATHS = NO;
				CLANG_ANALYZER_NONNULL = YES;
				CLANG_ANALYZER_NUMBER_OBJECT_CONVERSION = YES_AGGRESSIVE;
				CLANG_CXX_LANGUAGE_STANDARD = "gnu++14";
				CLANG_CXX_LIBRARY = "libc++";
				CLANG_ENABLE_MODULES = YES;
				CLANG_ENABLE_OBJC_ARC = YES;
				CLANG_ENABLE_OBJC_WEAK = YES;
				CLANG_WARN_BLOCK_CAPTURE_AUTORELEASING = YES;
				CLANG_WARN_BOOL_CONVERSION = YES;
				CLANG_WARN_COMMA = YES;
				CLANG_WARN_CONSTANT_CONVERSION = YES;
				CLANG_WARN_DEPRECATED_OBJC_IMPLEMENTATIONS = YES;
				CLANG_WARN_DIRECT_OBJC_ISA_USAGE = YES_ERROR;
				CLANG_WARN_DOCUMENTATION_COMMENTS = YES;
				CLANG_WARN_EMPTY_BODY = YES;
				CLANG_WARN_ENUM_CONVERSION = YES;
				CLANG_WARN_INFINITE_RECURSION = YES;
				CLANG_WARN_INT_CONVERSION = YES;
				CLANG_WARN_NON_LITERAL_NULL_CONVERSION = YES;
				CLANG_WARN_OBJC_IMPLICIT_RETAIN_SELF = YES;
				CLANG_WARN_OBJC_LITERAL_CONVERSION = YES;
				CLANG_WARN_OBJC_ROOT_CLASS = YES_ERROR;
				CLANG_WARN_RANGE_LOOP_ANALYSIS = YES;
				CLANG_WARN_STRICT_PROTOTYPES = YES;
				CLANG_WARN_SUSPICIOUS_MOVE = YES;
				CLANG_WARN_UNGUARDED_AVAILABILITY = YES_AGGRESSIVE;
				CLANG_WARN_UNREACHABLE_CODE = YES;
				CLANG_WARN__DUPLICATE_METHOD_MATCH = YES;
				COPY_PHASE_STRIP = NO;
				DEBUG_INFORMATION_FORMAT = "dwarf-with-dsym";
				ENABLE_NS_ASSERTIONS = NO;
				ENABLE_STRICT_OBJC_MSGSEND = YES;
				GCC_C_LANGUAGE_STANDARD = gnu11;
				GCC_NO_COMMON_BLOCKS = YES;
				GCC_WARN_64_TO_32_BIT_CONVERSION = YES;
				GCC_WARN_ABOUT_RETURN_TYPE = YES_ERROR;
				GCC_WARN_UNDECLARED_SELECTOR = YES;
				GCC_WARN_UNINITIALIZED_AUTOS = YES_AGGRESSIVE;
				GCC_WARN_UNUSED_FUNCTION = YES;
				GCC_WARN_UNUSED_VARIABLE = YES;
				IPHONEOS_DEPLOYMENT_TARGET = 13.1;
				MTL_ENABLE_DEBUG_INFO = NO;
				MTL_FAST_MATH = YES;
				SDKROOT = iphoneos;
				SWIFT_COMPILATION_MODE = wholemodule;
				SWIFT_OPTIMIZATION_LEVEL = "-O";
				VALIDATE_PRODUCT = YES;
			};
			name = Release;
		};
		99E735C92366EBFE00987270 /* Debug */ = {
			isa = XCBuildConfiguration;
			buildSettings = {
				ASSETCATALOG_COMPILER_APPICON_NAME = AppIcon;
				CODE_SIGN_STYLE = Automatic;
				DEVELOPMENT_TEAM = GLK7J5PP82;
				INFOPLIST_FILE = AutoMLiOS/Info.plist;
				LD_RUNPATH_SEARCH_PATHS = (
					"$(inherited)",
					"@executable_path/Frameworks",
				);
				PRODUCT_BUNDLE_IDENTIFIER = za.co.dvt.AutoMLiOS;
				PRODUCT_NAME = "$(TARGET_NAME)";
				SWIFT_VERSION = 5.0;
				TARGETED_DEVICE_FAMILY = "1,2";
			};
			name = Debug;
		};
		99E735CA2366EBFE00987270 /* Release */ = {
			isa = XCBuildConfiguration;
			buildSettings = {
				ASSETCATALOG_COMPILER_APPICON_NAME = AppIcon;
				CODE_SIGN_STYLE = Automatic;
				DEVELOPMENT_TEAM = GLK7J5PP82;
				INFOPLIST_FILE = AutoMLiOS/Info.plist;
				LD_RUNPATH_SEARCH_PATHS = (
					"$(inherited)",
					"@executable_path/Frameworks",
				);
				PRODUCT_BUNDLE_IDENTIFIER = za.co.dvt.AutoMLiOS;
				PRODUCT_NAME = "$(TARGET_NAME)";
				SWIFT_VERSION = 5.0;
				TARGETED_DEVICE_FAMILY = "1,2";
			};
			name = Release;
		};
		99E735CC2366EBFE00987270 /* Debug */ = {
			isa = XCBuildConfiguration;
			buildSettings = {
				ALWAYS_EMBED_SWIFT_STANDARD_LIBRARIES = YES;
				BUNDLE_LOADER = "$(TEST_HOST)";
				CODE_SIGN_STYLE = Automatic;
				DEVELOPMENT_TEAM = GLK7J5PP82;
				INFOPLIST_FILE = AutoMLiOSTests/Info.plist;
				IPHONEOS_DEPLOYMENT_TARGET = 13.1;
				LD_RUNPATH_SEARCH_PATHS = (
					"$(inherited)",
					"@executable_path/Frameworks",
					"@loader_path/Frameworks",
				);
				PRODUCT_BUNDLE_IDENTIFIER = za.co.dvt.AutoMLiOSTests;
				PRODUCT_NAME = "$(TARGET_NAME)";
				SWIFT_VERSION = 5.0;
				TARGETED_DEVICE_FAMILY = "1,2";
				TEST_HOST = "$(BUILT_PRODUCTS_DIR)/AutoMLiOS.app/AutoMLiOS";
			};
			name = Debug;
		};
		99E735CD2366EBFE00987270 /* Release */ = {
			isa = XCBuildConfiguration;
			buildSettings = {
				ALWAYS_EMBED_SWIFT_STANDARD_LIBRARIES = YES;
				BUNDLE_LOADER = "$(TEST_HOST)";
				CODE_SIGN_STYLE = Automatic;
				DEVELOPMENT_TEAM = GLK7J5PP82;
				INFOPLIST_FILE = AutoMLiOSTests/Info.plist;
				IPHONEOS_DEPLOYMENT_TARGET = 13.1;
				LD_RUNPATH_SEARCH_PATHS = (
					"$(inherited)",
					"@executable_path/Frameworks",
					"@loader_path/Frameworks",
				);
				PRODUCT_BUNDLE_IDENTIFIER = za.co.dvt.AutoMLiOSTests;
				PRODUCT_NAME = "$(TARGET_NAME)";
				SWIFT_VERSION = 5.0;
				TARGETED_DEVICE_FAMILY = "1,2";
				TEST_HOST = "$(BUILT_PRODUCTS_DIR)/AutoMLiOS.app/AutoMLiOS";
			};
			name = Release;
		};
		99E735CF2366EBFE00987270 /* Debug */ = {
			isa = XCBuildConfiguration;
			buildSettings = {
				ALWAYS_EMBED_SWIFT_STANDARD_LIBRARIES = YES;
				CODE_SIGN_STYLE = Automatic;
				DEVELOPMENT_TEAM = GLK7J5PP82;
				INFOPLIST_FILE = AutoMLiOSUITests/Info.plist;
				LD_RUNPATH_SEARCH_PATHS = (
					"$(inherited)",
					"@executable_path/Frameworks",
					"@loader_path/Frameworks",
				);
				PRODUCT_BUNDLE_IDENTIFIER = za.co.dvt.AutoMLiOSUITests;
				PRODUCT_NAME = "$(TARGET_NAME)";
				SWIFT_VERSION = 5.0;
				TARGETED_DEVICE_FAMILY = "1,2";
				TEST_TARGET_NAME = AutoMLiOS;
			};
			name = Debug;
		};
		99E735D02366EBFE00987270 /* Release */ = {
			isa = XCBuildConfiguration;
			buildSettings = {
				ALWAYS_EMBED_SWIFT_STANDARD_LIBRARIES = YES;
				CODE_SIGN_STYLE = Automatic;
				DEVELOPMENT_TEAM = GLK7J5PP82;
				INFOPLIST_FILE = AutoMLiOSUITests/Info.plist;
				LD_RUNPATH_SEARCH_PATHS = (
					"$(inherited)",
					"@executable_path/Frameworks",
					"@loader_path/Frameworks",
				);
				PRODUCT_BUNDLE_IDENTIFIER = za.co.dvt.AutoMLiOSUITests;
				PRODUCT_NAME = "$(TARGET_NAME)";
				SWIFT_VERSION = 5.0;
				TARGETED_DEVICE_FAMILY = "1,2";
				TEST_TARGET_NAME = AutoMLiOS;
			};
			name = Release;
		};
/* End XCBuildConfiguration section */

/* Begin XCConfigurationList section */
		99E735992366EBFA00987270 /* Build configuration list for PBXProject "AutoMLiOS" */ = {
			isa = XCConfigurationList;
			buildConfigurations = (
				99E735C62366EBFE00987270 /* Debug */,
				99E735C72366EBFE00987270 /* Release */,
			);
			defaultConfigurationIsVisible = 0;
			defaultConfigurationName = Release;
		};
		99E735C82366EBFE00987270 /* Build configuration list for PBXNativeTarget "AutoMLiOS" */ = {
			isa = XCConfigurationList;
			buildConfigurations = (
				99E735C92366EBFE00987270 /* Debug */,
				99E735CA2366EBFE00987270 /* Release */,
			);
			defaultConfigurationIsVisible = 0;
			defaultConfigurationName = Release;
		};
		99E735CB2366EBFE00987270 /* Build configuration list for PBXNativeTarget "AutoMLiOSTests" */ = {
			isa = XCConfigurationList;
			buildConfigurations = (
				99E735CC2366EBFE00987270 /* Debug */,
				99E735CD2366EBFE00987270 /* Release */,
			);
			defaultConfigurationIsVisible = 0;
			defaultConfigurationName = Release;
		};
		99E735CE2366EBFE00987270 /* Build configuration list for PBXNativeTarget "AutoMLiOSUITests" */ = {
			isa = XCConfigurationList;
			buildConfigurations = (
				99E735CF2366EBFE00987270 /* Debug */,
				99E735D02366EBFE00987270 /* Release */,
			);
			defaultConfigurationIsVisible = 0;
			defaultConfigurationName = Release;
		};
/* End XCConfigurationList section */
	};
	rootObject = 99E735962366EBFA00987270 /* Project object */;
}
