// !$*UTF8*$!
{
	archiveVersion = 1;
	classes = {
	};
	objectVersion = 51;
	objects = {

/* Begin PBXBuildFile section */
		59CB1BBD08CF8BABAE520BC0 /* Pods_AutoMLiOS.framework in Frameworks */ = {isa = PBXBuildFile; fileRef = BC30747BCBC861599E0332FD /* Pods_AutoMLiOS.framework */; };
		7DE4D18AFF8AFFC8F97B5AC6 /* Pods_AutoMLiOSTests.framework in Frameworks */ = {isa = PBXBuildFile; fileRef = BBC395E078CD2D4742804875 /* Pods_AutoMLiOSTests.framework */; };
		7F54565EC60079BD9B5BE580 /* Pods_AutoMLiOS_AutoMLiOSUITests.framework in Frameworks */ = {isa = PBXBuildFile; fileRef = 094C38B1A2D457E2F73AB397 /* Pods_AutoMLiOS_AutoMLiOSUITests.framework */; };
		99C26A32238BCF9F00929B53 /* manifest.json in Resources */ = {isa = PBXBuildFile; fileRef = 99C26A2F238BCF9F00929B53 /* manifest.json */; };
		99C26A33238BCF9F00929B53 /* dict.txt in Resources */ = {isa = PBXBuildFile; fileRef = 99C26A30238BCF9F00929B53 /* dict.txt */; };
		99C26A34238BCF9F00929B53 /* model.tflite in Resources */ = {isa = PBXBuildFile; fileRef = 99C26A31238BCF9F00929B53 /* model.tflite */; };
		99C26A36238BCFDF00929B53 /* GoogleService-Info.plist in Resources */ = {isa = PBXBuildFile; fileRef = 99C26A35238BCFDF00929B53 /* GoogleService-Info.plist */; };
		99E735A22366EBFB00987270 /* AppDelegate.swift in Sources */ = {isa = PBXBuildFile; fileRef = 99E735A12366EBFB00987270 /* AppDelegate.swift */; };
		99E735A42366EBFB00987270 /* SceneDelegate.swift in Sources */ = {isa = PBXBuildFile; fileRef = 99E735A32366EBFB00987270 /* SceneDelegate.swift */; };
		99E735A62366EBFB00987270 /* ViewController.swift in Sources */ = {isa = PBXBuildFile; fileRef = 99E735A52366EBFB00987270 /* ViewController.swift */; };
		99E735A92366EBFB00987270 /* Main.storyboard in Resources */ = {isa = PBXBuildFile; fileRef = 99E735A72366EBFB00987270 /* Main.storyboard */; };
		99E735AB2366EBFE00987270 /* Assets.xcassets in Resources */ = {isa = PBXBuildFile; fileRef = 99E735AA2366EBFE00987270 /* Assets.xcassets */; };
		99E735AE2366EBFE00987270 /* LaunchScreen.storyboard in Resources */ = {isa = PBXBuildFile; fileRef = 99E735AC2366EBFE00987270 /* LaunchScreen.storyboard */; };
		99E735B92366EBFE00987270 /* AutoMLiOSTests.swift in Sources */ = {isa = PBXBuildFile; fileRef = 99E735B82366EBFE00987270 /* AutoMLiOSTests.swift */; };
		99E735C42366EBFE00987270 /* AutoMLiOSUITests.swift in Sources */ = {isa = PBXBuildFile; fileRef = 99E735C32366EBFE00987270 /* AutoMLiOSUITests.swift */; };
/* End PBXBuildFile section */

/* Begin PBXContainerItemProxy section */
		99E735B52366EBFE00987270 /* PBXContainerItemProxy */ = {
			isa = PBXContainerItemProxy;
			containerPortal = 99E735962366EBFA00987270 /* Project object */;
			proxyType = 1;
			remoteGlobalIDString = 99E7359D2366EBFB00987270;
			remoteInfo = AutoMLiOS;
		};
		99E735C02366EBFE00987270 /* PBXContainerItemProxy */ = {
			isa = PBXContainerItemProxy;
			containerPortal = 99E735962366EBFA00987270 /* Project object */;
			proxyType = 1;
			remoteGlobalIDString = 99E7359D2366EBFB00987270;
			remoteInfo = AutoMLiOS;
		};
/* End PBXContainerItemProxy section */

/* Begin PBXFileReference section */
		094C38B1A2D457E2F73AB397 /* Pods_AutoMLiOS_AutoMLiOSUITests.framework */ = {isa = PBXFileReference; explicitFileType = wrapper.framework; includeInIndex = 0; path = Pods_AutoMLiOS_AutoMLiOSUITests.framework; sourceTree = BUILT_PRODUCTS_DIR; };
		174004B4D49DD99C4AF4E6D8 /* Pods-AutoMLiOS-AutoMLiOSUITests.release.xcconfig */ = {isa = PBXFileReference; includeInIndex = 1; lastKnownFileType = text.xcconfig; name = "Pods-AutoMLiOS-AutoMLiOSUITests.release.xcconfig"; path = "Target Support Files/Pods-AutoMLiOS-AutoMLiOSUITests/Pods-AutoMLiOS-AutoMLiOSUITests.release.xcconfig"; sourceTree = "<group>"; };
		3376E21EE7F229518F22356A /* Pods-AutoMLiOSTests.debug.xcconfig */ = {isa = PBXFileReference; includeInIndex = 1; lastKnownFileType = text.xcconfig; name = "Pods-AutoMLiOSTests.debug.xcconfig"; path = "Target Support Files/Pods-AutoMLiOSTests/Pods-AutoMLiOSTests.debug.xcconfig"; sourceTree = "<group>"; };
		5DEF5559A07847D8B1810108 /* Pods-AutoMLiOS.debug.xcconfig */ = {isa = PBXFileReference; includeInIndex = 1; lastKnownFileType = text.xcconfig; name = "Pods-AutoMLiOS.debug.xcconfig"; path = "Target Support Files/Pods-AutoMLiOS/Pods-AutoMLiOS.debug.xcconfig"; sourceTree = "<group>"; };
		7FCD8A0670A50C408922481B /* Pods-AutoMLiOS-AutoMLiOSUITests.debug.xcconfig */ = {isa = PBXFileReference; includeInIndex = 1; lastKnownFileType = text.xcconfig; name = "Pods-AutoMLiOS-AutoMLiOSUITests.debug.xcconfig"; path = "Target Support Files/Pods-AutoMLiOS-AutoMLiOSUITests/Pods-AutoMLiOS-AutoMLiOSUITests.debug.xcconfig"; sourceTree = "<group>"; };
		99C26A2F238BCF9F00929B53 /* manifest.json */ = {isa = PBXFileReference; fileEncoding = 4; lastKnownFileType = text.json; path = manifest.json; sourceTree = "<group>"; };
		99C26A30238BCF9F00929B53 /* dict.txt */ = {isa = PBXFileReference; fileEncoding = 4; lastKnownFileType = text; path = dict.txt; sourceTree = "<group>"; };
		99C26A31238BCF9F00929B53 /* model.tflite */ = {isa = PBXFileReference; lastKnownFileType = file; path = model.tflite; sourceTree = "<group>"; };
		99C26A35238BCFDF00929B53 /* GoogleService-Info.plist */ = {isa = PBXFileReference; fileEncoding = 4; lastKnownFileType = text.plist.xml; path = "GoogleService-Info.plist"; sourceTree = "<group>"; };
		99E7359E2366EBFB00987270 /* AutoMLiOS.app */ = {isa = PBXFileReference; explicitFileType = wrapper.application; includeInIndex = 0; path = AutoMLiOS.app; sourceTree = BUILT_PRODUCTS_DIR; };
		99E735A12366EBFB00987270 /* AppDelegate.swift */ = {isa = PBXFileReference; lastKnownFileType = sourcecode.swift; path = AppDelegate.swift; sourceTree = "<group>"; };
		99E735A32366EBFB00987270 /* SceneDelegate.swift */ = {isa = PBXFileReference; lastKnownFileType = sourcecode.swift; path = SceneDelegate.swift; sourceTree = "<group>"; };
		99E735A52366EBFB00987270 /* ViewController.swift */ = {isa = PBXFileReference; lastKnownFileType = sourcecode.swift; path = ViewController.swift; sourceTree = "<group>"; };
		99E735A82366EBFB00987270 /* Base */ = {isa = PBXFileReference; lastKnownFileType = file.storyboard; name = Base; path = Base.lproj/Main.storyboard; sourceTree = "<group>"; };
		99E735AA2366EBFE00987270 /* Assets.xcassets */ = {isa = PBXFileReference; lastKnownFileType = folder.assetcatalog; path = Assets.xcassets; sourceTree = "<group>"; };
		99E735AD2366EBFE00987270 /* Base */ = {isa = PBXFileReference; lastKnownFileType = file.storyboard; name = Base; path = Base.lproj/LaunchScreen.storyboard; sourceTree = "<group>"; };
		99E735AF2366EBFE00987270 /* Info.plist */ = {isa = PBXFileReference; lastKnownFileType = text.plist.xml; path = Info.plist; sourceTree = "<group>"; };
		99E735B42366EBFE00987270 /* AutoMLiOSTests.xctest */ = {isa = PBXFileReference; explicitFileType = wrapper.cfbundle; includeInIndex = 0; path = AutoMLiOSTests.xctest; sourceTree = BUILT_PRODUCTS_DIR; };
		99E735B82366EBFE00987270 /* AutoMLiOSTests.swift */ = {isa = PBXFileReference; lastKnownFileType = sourcecode.swift; path = AutoMLiOSTests.swift; sourceTree = "<group>"; };
		99E735BA2366EBFE00987270 /* Info.plist */ = {isa = PBXFileReference; lastKnownFileType = text.plist.xml; path = Info.plist; sourceTree = "<group>"; };
		99E735BF2366EBFE00987270 /* AutoMLiOSUITests.xctest */ = {isa = PBXFileReference; explicitFileType = wrapper.cfbundle; includeInIndex = 0; path = AutoMLiOSUITests.xctest; sourceTree = BUILT_PRODUCTS_DIR; };
		99E735C32366EBFE00987270 /* AutoMLiOSUITests.swift */ = {isa = PBXFileReference; lastKnownFileType = sourcecode.swift; path = AutoMLiOSUITests.swift; sourceTree = "<group>"; };
		99E735C52366EBFE00987270 /* Info.plist */ = {isa = PBXFileReference; lastKnownFileType = text.plist.xml; path = Info.plist; sourceTree = "<group>"; };
		AAB5988FB4CE8A5E167323CD /* Pods-AutoMLiOS.release.xcconfig */ = {isa = PBXFileReference; includeInIndex = 1; lastKnownFileType = text.xcconfig; name = "Pods-AutoMLiOS.release.xcconfig"; path = "Target Support Files/Pods-AutoMLiOS/Pods-AutoMLiOS.release.xcconfig"; sourceTree = "<group>"; };
		BBC395E078CD2D4742804875 /* Pods_AutoMLiOSTests.framework */ = {isa = PBXFileReference; explicitFileType = wrapper.framework; includeInIndex = 0; path = Pods_AutoMLiOSTests.framework; sourceTree = BUILT_PRODUCTS_DIR; };
		BC30747BCBC861599E0332FD /* Pods_AutoMLiOS.framework */ = {isa = PBXFileReference; explicitFileType = wrapper.framework; includeInIndex = 0; path = Pods_AutoMLiOS.framework; sourceTree = BUILT_PRODUCTS_DIR; };
		F6187ED0B1FFCA6E36A73F35 /* Pods-AutoMLiOSTests.release.xcconfig */ = {isa = PBXFileReference; includeInIndex = 1; lastKnownFileType = text.xcconfig; name = "Pods-AutoMLiOSTests.release.xcconfig"; path = "Target Support Files/Pods-AutoMLiOSTests/Pods-AutoMLiOSTests.release.xcconfig"; sourceTree = "<group>"; };
/* End PBXFileReference section */

/* Begin PBXFrameworksBuildPhase section */
		99E7359B2366EBFB00987270 /* Frameworks */ = {
			isa = PBXFrameworksBuildPhase;
			buildActionMask = 2147483647;
			files = (
				59CB1BBD08CF8BABAE520BC0 /* Pods_AutoMLiOS.framework in Frameworks */,
			);
			runOnlyForDeploymentPostprocessing = 0;
		};
		99E735B12366EBFE00987270 /* Frameworks */ = {
			isa = PBXFrameworksBuildPhase;
			buildActionMask = 2147483647;
			files = (
				7DE4D18AFF8AFFC8F97B5AC6 /* Pods_AutoMLiOSTests.framework in Frameworks */,
			);
			runOnlyForDeploymentPostprocessing = 0;
		};
		99E735BC2366EBFE00987270 /* Frameworks */ = {
			isa = PBXFrameworksBuildPhase;
			buildActionMask = 2147483647;
			files = (
				7F54565EC60079BD9B5BE580 /* Pods_AutoMLiOS_AutoMLiOSUITests.framework in Frameworks */,
			);
			runOnlyForDeploymentPostprocessing = 0;
		};
/* End PBXFrameworksBuildPhase section */

/* Begin PBXGroup section */
		4B7C3BE1719FCF14F1F9C012 /* Frameworks */ = {
			isa = PBXGroup;
			children = (
				BC30747BCBC861599E0332FD /* Pods_AutoMLiOS.framework */,
				094C38B1A2D457E2F73AB397 /* Pods_AutoMLiOS_AutoMLiOSUITests.framework */,
				BBC395E078CD2D4742804875 /* Pods_AutoMLiOSTests.framework */,
			);
			name = Frameworks;
			sourceTree = "<group>";
		};
		99C26A2E238BCF9F00929B53 /* PavoniaiOSMLModel */ = {
			isa = PBXGroup;
			children = (
				99C26A35238BCFDF00929B53 /* GoogleService-Info.plist */,
				99C26A2F238BCF9F00929B53 /* manifest.json */,
				99C26A30238BCF9F00929B53 /* dict.txt */,
				99C26A31238BCF9F00929B53 /* model.tflite */,
			);
			path = PavoniaiOSMLModel;
			sourceTree = "<group>";
		};
		99E735952366EBFA00987270 = {
			isa = PBXGroup;
			children = (
				99E735A02366EBFB00987270 /* AutoMLiOS */,
				99E735B72366EBFE00987270 /* AutoMLiOSTests */,
				99E735C22366EBFE00987270 /* AutoMLiOSUITests */,
				99E7359F2366EBFB00987270 /* Products */,
				CD5DE033667E2A0A9D945A14 /* Pods */,
				4B7C3BE1719FCF14F1F9C012 /* Frameworks */,
			);
			sourceTree = "<group>";
		};
		99E7359F2366EBFB00987270 /* Products */ = {
			isa = PBXGroup;
			children = (
				99E7359E2366EBFB00987270 /* AutoMLiOS.app */,
				99E735B42366EBFE00987270 /* AutoMLiOSTests.xctest */,
				99E735BF2366EBFE00987270 /* AutoMLiOSUITests.xctest */,
			);
			name = Products;
			sourceTree = "<group>";
		};
		99E735A02366EBFB00987270 /* AutoMLiOS */ = {
			isa = PBXGroup;
			children = (
				99C26A2E238BCF9F00929B53 /* PavoniaiOSMLModel */,
				99E735A12366EBFB00987270 /* AppDelegate.swift */,
				99E735A32366EBFB00987270 /* SceneDelegate.swift */,
				99E735A52366EBFB00987270 /* ViewController.swift */,
				99E735A72366EBFB00987270 /* Main.storyboard */,
				99E735AA2366EBFE00987270 /* Assets.xcassets */,
				99E735AC2366EBFE00987270 /* LaunchScreen.storyboard */,
				99E735AF2366EBFE00987270 /* Info.plist */,
			);
			path = AutoMLiOS;
			sourceTree = "<group>";
		};
		99E735B72366EBFE00987270 /* AutoMLiOSTests */ = {
			isa = PBXGroup;
			children = (
				99E735B82366EBFE00987270 /* AutoMLiOSTests.swift */,
				99E735BA2366EBFE00987270 /* Info.plist */,
			);
			path = AutoMLiOSTests;
			sourceTree = "<group>";
		};
		99E735C22366EBFE00987270 /* AutoMLiOSUITests */ = {
			isa = PBXGroup;
			children = (
				99E735C32366EBFE00987270 /* AutoMLiOSUITests.swift */,
				99E735C52366EBFE00987270 /* Info.plist */,
			);
			path = AutoMLiOSUITests;
			sourceTree = "<group>";
		};
		CD5DE033667E2A0A9D945A14 /* Pods */ = {
			isa = PBXGroup;
			children = (
				5DEF5559A07847D8B1810108 /* Pods-AutoMLiOS.debug.xcconfig */,
				AAB5988FB4CE8A5E167323CD /* Pods-AutoMLiOS.release.xcconfig */,
				7FCD8A0670A50C408922481B /* Pods-AutoMLiOS-AutoMLiOSUITests.debug.xcconfig */,
				174004B4D49DD99C4AF4E6D8 /* Pods-AutoMLiOS-AutoMLiOSUITests.release.xcconfig */,
				3376E21EE7F229518F22356A /* Pods-AutoMLiOSTests.debug.xcconfig */,
				F6187ED0B1FFCA6E36A73F35 /* Pods-AutoMLiOSTests.release.xcconfig */,
			);
			path = Pods;
			sourceTree = "<group>";
		};
/* End PBXGroup section */

/* Begin PBXNativeTarget section */
		99E7359D2366EBFB00987270 /* AutoMLiOS */ = {
			isa = PBXNativeTarget;
			buildConfigurationList = 99E735C82366EBFE00987270 /* Build configuration list for PBXNativeTarget "AutoMLiOS" */;
			buildPhases = (
				AC2C3B0D2089F2A0068294DD /* [CP] Check Pods Manifest.lock */,
				99E7359A2366EBFB00987270 /* Sources */,
				99E7359B2366EBFB00987270 /* Frameworks */,
				99E7359C2366EBFB00987270 /* Resources */,
				BC68D7E2EB9C982465D5F165 /* [CP] Embed Pods Frameworks */,
			);
			buildRules = (
			);
			dependencies = (
			);
			name = AutoMLiOS;
			productName = AutoMLiOS;
			productReference = 99E7359E2366EBFB00987270 /* AutoMLiOS.app */;
			productType = "com.apple.product-type.application";
		};
		99E735B32366EBFE00987270 /* AutoMLiOSTests */ = {
			isa = PBXNativeTarget;
			buildConfigurationList = 99E735CB2366EBFE00987270 /* Build configuration list for PBXNativeTarget "AutoMLiOSTests" */;
			buildPhases = (
				9EE7541E05FC271EA9E55E90 /* [CP] Check Pods Manifest.lock */,
				99E735B02366EBFE00987270 /* Sources */,
				99E735B12366EBFE00987270 /* Frameworks */,
				99E735B22366EBFE00987270 /* Resources */,
			);
			buildRules = (
			);
			dependencies = (
				99E735B62366EBFE00987270 /* PBXTargetDependency */,
			);
			name = AutoMLiOSTests;
			productName = AutoMLiOSTests;
			productReference = 99E735B42366EBFE00987270 /* AutoMLiOSTests.xctest */;
			productType = "com.apple.product-type.bundle.unit-test";
		};
		99E735BE2366EBFE00987270 /* AutoMLiOSUITests */ = {
			isa = PBXNativeTarget;
			buildConfigurationList = 99E735CE2366EBFE00987270 /* Build configuration list for PBXNativeTarget "AutoMLiOSUITests" */;
			buildPhases = (
				A903D926B42A423946F790AA /* [CP] Check Pods Manifest.lock */,
				99E735BB2366EBFE00987270 /* Sources */,
				99E735BC2366EBFE00987270 /* Frameworks */,
				99E735BD2366EBFE00987270 /* Resources */,
				CC0DBFE38619BFE6C4529597 /* [CP] Embed Pods Frameworks */,
			);
			buildRules = (
			);
			dependencies = (
				99E735C12366EBFE00987270 /* PBXTargetDependency */,
			);
			name = AutoMLiOSUITests;
			productName = AutoMLiOSUITests;
			productReference = 99E735BF2366EBFE00987270 /* AutoMLiOSUITests.xctest */;
			productType = "com.apple.product-type.bundle.ui-testing";
		};
/* End PBXNativeTarget section */

/* Begin PBXProject section */
		99E735962366EBFA00987270 /* Project object */ = {
			isa = PBXProject;
			attributes = {
				LastSwiftUpdateCheck = 1110;
				LastUpgradeCheck = 1110;
				ORGANIZATIONNAME = DVT;
				TargetAttributes = {
					99E7359D2366EBFB00987270 = {
						CreatedOnToolsVersion = 11.1;
					};
					99E735B32366EBFE00987270 = {
						CreatedOnToolsVersion = 11.1;
						TestTargetID = 99E7359D2366EBFB00987270;
					};
					99E735BE2366EBFE00987270 = {
						CreatedOnToolsVersion = 11.1;
						TestTargetID = 99E7359D2366EBFB00987270;
					};
				};
			};
			buildConfigurationList = 99E735992366EBFA00987270 /* Build configuration list for PBXProject "AutoMLiOS" */;
			compatibilityVersion = "Xcode 9.3";
			developmentRegion = en;
			hasScannedForEncodings = 0;
			knownRegions = (
				en,
				Base,
			);
			mainGroup = 99E735952366EBFA00987270;
			productRefGroup = 99E7359F2366EBFB00987270 /* Products */;
			projectDirPath = "";
			projectRoot = "";
			targets = (
				99E7359D2366EBFB00987270 /* AutoMLiOS */,
				99E735B32366EBFE00987270 /* AutoMLiOSTests */,
				99E735BE2366EBFE00987270 /* AutoMLiOSUITests */,
			);
		};
/* End PBXProject section */

/* Begin PBXResourcesBuildPhase section */
		99E7359C2366EBFB00987270 /* Resources */ = {
			isa = PBXResourcesBuildPhase;
			buildActionMask = 2147483647;
			files = (
				99C26A32238BCF9F00929B53 /* manifest.json in Resources */,
				99C26A34238BCF9F00929B53 /* model.tflite in Resources */,
				99E735AE2366EBFE00987270 /* LaunchScreen.storyboard in Resources */,
				99E735AB2366EBFE00987270 /* Assets.xcassets in Resources */,
				99E735A92366EBFB00987270 /* Main.storyboard in Resources */,
				99C26A36238BCFDF00929B53 /* GoogleService-Info.plist in Resources */,
				99C26A33238BCF9F00929B53 /* dict.txt in Resources */,
			);
			runOnlyForDeploymentPostprocessing = 0;
		};
		99E735B22366EBFE00987270 /* Resources */ = {
			isa = PBXResourcesBuildPhase;
			buildActionMask = 2147483647;
			files = (
			);
			runOnlyForDeploymentPostprocessing = 0;
		};
		99E735BD2366EBFE00987270 /* Resources */ = {
			isa = PBXResourcesBuildPhase;
			buildActionMask = 2147483647;
			files = (
			);
			runOnlyForDeploymentPostprocessing = 0;
		};
/* End PBXResourcesBuildPhase section */

/* Begin PBXShellScriptBuildPhase section */
		9EE7541E05FC271EA9E55E90 /* [CP] Check Pods Manifest.lock */ = {
			isa = PBXShellScriptBuildPhase;
			buildActionMask = 2147483647;
			files = (
			);
			inputFileListPaths = (
			);
			inputPaths = (
				"${PODS_PODFILE_DIR_PATH}/Podfile.lock",
				"${PODS_ROOT}/Manifest.lock",
			);
			name = "[CP] Check Pods Manifest.lock";
			outputFileListPaths = (
			);
			outputPaths = (
				"$(DERIVED_FILE_DIR)/Pods-AutoMLiOSTests-checkManifestLockResult.txt",
			);
			runOnlyForDeploymentPostprocessing = 0;
			shellPath = /bin/sh;
			shellScript = "diff \"${PODS_PODFILE_DIR_PATH}/Podfile.lock\" \"${PODS_ROOT}/Manifest.lock\" > /dev/null\nif [ $? != 0 ] ; then\n    # print error to STDERR\n    echo \"error: The sandbox is not in sync with the Podfile.lock. Run 'pod install' or update your CocoaPods installation.\" >&2\n    exit 1\nfi\n# This output is used by Xcode 'outputs' to avoid re-running this script phase.\necho \"SUCCESS\" > \"${SCRIPT_OUTPUT_FILE_0}\"\n";
			showEnvVarsInLog = 0;
		};
		A903D926B42A423946F790AA /* [CP] Check Pods Manifest.lock */ = {
			isa = PBXShellScriptBuildPhase;
			buildActionMask = 2147483647;
			files = (
			);
			inputFileListPaths = (
			);
			inputPaths = (
				"${PODS_PODFILE_DIR_PATH}/Podfile.lock",
				"${PODS_ROOT}/Manifest.lock",
			);
			name = "[CP] Check Pods Manifest.lock";
			outputFileListPaths = (
			);
			outputPaths = (
				"$(DERIVED_FILE_DIR)/Pods-AutoMLiOS-AutoMLiOSUITests-checkManifestLockResult.txt",
			);
			runOnlyForDeploymentPostprocessing = 0;
			shellPath = /bin/sh;
			shellScript = "diff \"${PODS_PODFILE_DIR_PATH}/Podfile.lock\" \"${PODS_ROOT}/Manifest.lock\" > /dev/null\nif [ $? != 0 ] ; then\n    # print error to STDERR\n    echo \"error: The sandbox is not in sync with the Podfile.lock. Run 'pod install' or update your CocoaPods installation.\" >&2\n    exit 1\nfi\n# This output is used by Xcode 'outputs' to avoid re-running this script phase.\necho \"SUCCESS\" > \"${SCRIPT_OUTPUT_FILE_0}\"\n";
			showEnvVarsInLog = 0;
		};
		AC2C3B0D2089F2A0068294DD /* [CP] Check Pods Manifest.lock */ = {
			isa = PBXShellScriptBuildPhase;
			buildActionMask = 2147483647;
			files = (
			);
			inputFileListPaths = (
			);
			inputPaths = (
				"${PODS_PODFILE_DIR_PATH}/Podfile.lock",
				"${PODS_ROOT}/Manifest.lock",
			);
			name = "[CP] Check Pods Manifest.lock";
			outputFileListPaths = (
			);
			outputPaths = (
				"$(DERIVED_FILE_DIR)/Pods-AutoMLiOS-checkManifestLockResult.txt",
			);
			runOnlyForDeploymentPostprocessing = 0;
			shellPath = /bin/sh;
			shellScript = "diff \"${PODS_PODFILE_DIR_PATH}/Podfile.lock\" \"${PODS_ROOT}/Manifest.lock\" > /dev/null\nif [ $? != 0 ] ; then\n    # print error to STDERR\n    echo \"error: The sandbox is not in sync with the Podfile.lock. Run 'pod install' or update your CocoaPods installation.\" >&2\n    exit 1\nfi\n# This output is used by Xcode 'outputs' to avoid re-running this script phase.\necho \"SUCCESS\" > \"${SCRIPT_OUTPUT_FILE_0}\"\n";
			showEnvVarsInLog = 0;
		};
		BC68D7E2EB9C982465D5F165 /* [CP] Embed Pods Frameworks */ = {
			isa = PBXShellScriptBuildPhase;
			buildActionMask = 2147483647;
			files = (
			);
			inputFileListPaths = (
				"${PODS_ROOT}/Target Support Files/Pods-AutoMLiOS/Pods-AutoMLiOS-frameworks-${CONFIGURATION}-input-files.xcfilelist",
			);
			name = "[CP] Embed Pods Frameworks";
			outputFileListPaths = (
				"${PODS_ROOT}/Target Support Files/Pods-AutoMLiOS/Pods-AutoMLiOS-frameworks-${CONFIGURATION}-output-files.xcfilelist",
			);
			runOnlyForDeploymentPostprocessing = 0;
			shellPath = /bin/sh;
			shellScript = "\"${PODS_ROOT}/Target Support Files/Pods-AutoMLiOS/Pods-AutoMLiOS-frameworks.sh\"\n";
			showEnvVarsInLog = 0;
		};
		CC0DBFE38619BFE6C4529597 /* [CP] Embed Pods Frameworks */ = {
			isa = PBXShellScriptBuildPhase;
			buildActionMask = 2147483647;
			files = (
			);
			inputFileListPaths = (
				"${PODS_ROOT}/Target Support Files/Pods-AutoMLiOS-AutoMLiOSUITests/Pods-AutoMLiOS-AutoMLiOSUITests-frameworks-${CONFIGURATION}-input-files.xcfilelist",
			);
			name = "[CP] Embed Pods Frameworks";
			outputFileListPaths = (
				"${PODS_ROOT}/Target Support Files/Pods-AutoMLiOS-AutoMLiOSUITests/Pods-AutoMLiOS-AutoMLiOSUITests-frameworks-${CONFIGURATION}-output-files.xcfilelist",
			);
			runOnlyForDeploymentPostprocessing = 0;
			shellPath = /bin/sh;
			shellScript = "\"${PODS_ROOT}/Target Support Files/Pods-AutoMLiOS-AutoMLiOSUITests/Pods-AutoMLiOS-AutoMLiOSUITests-frameworks.sh\"\n";
			showEnvVarsInLog = 0;
		};
/* End PBXShellScriptBuildPhase section */

/* Begin PBXSourcesBuildPhase section */
		99E7359A2366EBFB00987270 /* Sources */ = {
			isa = PBXSourcesBuildPhase;
			buildActionMask = 2147483647;
			files = (
				99E735A62366EBFB00987270 /* ViewController.swift in Sources */,
				99E735A22366EBFB00987270 /* AppDelegate.swift in Sources */,
				99E735A42366EBFB00987270 /* SceneDelegate.swift in Sources */,
			);
			runOnlyForDeploymentPostprocessing = 0;
		};
		99E735B02366EBFE00987270 /* Sources */ = {
			isa = PBXSourcesBuildPhase;
			buildActionMask = 2147483647;
			files = (
				99E735B92366EBFE00987270 /* AutoMLiOSTests.swift in Sources */,
			);
			runOnlyForDeploymentPostprocessing = 0;
		};
		99E735BB2366EBFE00987270 /* Sources */ = {
			isa = PBXSourcesBuildPhase;
			buildActionMask = 2147483647;
			files = (
				99E735C42366EBFE00987270 /* AutoMLiOSUITests.swift in Sources */,
			);
			runOnlyForDeploymentPostprocessing = 0;
		};
/* End PBXSourcesBuildPhase section */

/* Begin PBXTargetDependency section */
		99E735B62366EBFE00987270 /* PBXTargetDependency */ = {
			isa = PBXTargetDependency;
			target = 99E7359D2366EBFB00987270 /* AutoMLiOS */;
			targetProxy = 99E735B52366EBFE00987270 /* PBXContainerItemProxy */;
		};
		99E735C12366EBFE00987270 /* PBXTargetDependency */ = {
			isa = PBXTargetDependency;
			target = 99E7359D2366EBFB00987270 /* AutoMLiOS */;
			targetProxy = 99E735C02366EBFE00987270 /* PBXContainerItemProxy */;
		};
/* End PBXTargetDependency section */

/* Begin PBXVariantGroup section */
		99E735A72366EBFB00987270 /* Main.storyboard */ = {
			isa = PBXVariantGroup;
			children = (
				99E735A82366EBFB00987270 /* Base */,
			);
			name = Main.storyboard;
			sourceTree = "<group>";
		};
		99E735AC2366EBFE00987270 /* LaunchScreen.storyboard */ = {
			isa = PBXVariantGroup;
			children = (
				99E735AD2366EBFE00987270 /* Base */,
			);
			name = LaunchScreen.storyboard;
			sourceTree = "<group>";
		};
/* End PBXVariantGroup section */

/* Begin XCBuildConfiguration section */
		99E735C62366EBFE00987270 /* Debug */ = {
			isa = XCBuildConfiguration;
			buildSettings = {
				ALWAYS_SEARCH_USER_PATHS = NO;
				CLANG_ANALYZER_NONNULL = YES;
				CLANG_ANALYZER_NUMBER_OBJECT_CONVERSION = YES_AGGRESSIVE;
				CLANG_CXX_LANGUAGE_STANDARD = "gnu++14";
				CLANG_CXX_LIBRARY = "libc++";
				CLANG_ENABLE_MODULES = YES;
				CLANG_ENABLE_OBJC_ARC = YES;
				CLANG_ENABLE_OBJC_WEAK = YES;
				CLANG_WARN_BLOCK_CAPTURE_AUTORELEASING = YES;
				CLANG_WARN_BOOL_CONVERSION = YES;
				CLANG_WARN_COMMA = YES;
				CLANG_WARN_CONSTANT_CONVERSION = YES;
				CLANG_WARN_DEPRECATED_OBJC_IMPLEMENTATIONS = YES;
				CLANG_WARN_DIRECT_OBJC_ISA_USAGE = YES_ERROR;
				CLANG_WARN_DOCUMENTATION_COMMENTS = YES;
				CLANG_WARN_EMPTY_BODY = YES;
				CLANG_WARN_ENUM_CONVERSION = YES;
				CLANG_WARN_INFINITE_RECURSION = YES;
				CLANG_WARN_INT_CONVERSION = YES;
				CLANG_WARN_NON_LITERAL_NULL_CONVERSION = YES;
				CLANG_WARN_OBJC_IMPLICIT_RETAIN_SELF = YES;
				CLANG_WARN_OBJC_LITERAL_CONVERSION = YES;
				CLANG_WARN_OBJC_ROOT_CLASS = YES_ERROR;
				CLANG_WARN_RANGE_LOOP_ANALYSIS = YES;
				CLANG_WARN_STRICT_PROTOTYPES = YES;
				CLANG_WARN_SUSPICIOUS_MOVE = YES;
				CLANG_WARN_UNGUARDED_AVAILABILITY = YES_AGGRESSIVE;
				CLANG_WARN_UNREACHABLE_CODE = YES;
				CLANG_WARN__DUPLICATE_METHOD_MATCH = YES;
				COPY_PHASE_STRIP = NO;
				DEBUG_INFORMATION_FORMAT = dwarf;
				ENABLE_STRICT_OBJC_MSGSEND = YES;
				ENABLE_TESTABILITY = YES;
				GCC_C_LANGUAGE_STANDARD = gnu11;
				GCC_DYNAMIC_NO_PIC = NO;
				GCC_NO_COMMON_BLOCKS = YES;
				GCC_OPTIMIZATION_LEVEL = 0;
				GCC_PREPROCESSOR_DEFINITIONS = (
					"DEBUG=1",
					"$(inherited)",
				);
				GCC_WARN_64_TO_32_BIT_CONVERSION = YES;
				GCC_WARN_ABOUT_RETURN_TYPE = YES_ERROR;
				GCC_WARN_UNDECLARED_SELECTOR = YES;
				GCC_WARN_UNINITIALIZED_AUTOS = YES_AGGRESSIVE;
				GCC_WARN_UNUSED_FUNCTION = YES;
				GCC_WARN_UNUSED_VARIABLE = YES;
				IPHONEOS_DEPLOYMENT_TARGET = 13.1;
				MTL_ENABLE_DEBUG_INFO = INCLUDE_SOURCE;
				MTL_FAST_MATH = YES;
				ONLY_ACTIVE_ARCH = YES;
				SDKROOT = iphoneos;
				SWIFT_ACTIVE_COMPILATION_CONDITIONS = DEBUG;
				SWIFT_OPTIMIZATION_LEVEL = "-Onone";
			};
			name = Debug;
		};
		99E735C72366EBFE00987270 /* Release */ = {
			isa = XCBuildConfiguration;
			buildSettings = {
				ALWAYS_SEARCH_USER_PATHS = NO;
				CLANG_ANALYZER_NONNULL = YES;
				CLANG_ANALYZER_NUMBER_OBJECT_CONVERSION = YES_AGGRESSIVE;
				CLANG_CXX_LANGUAGE_STANDARD = "gnu++14";
				CLANG_CXX_LIBRARY = "libc++";
				CLANG_ENABLE_MODULES = YES;
				CLANG_ENABLE_OBJC_ARC = YES;
				CLANG_ENABLE_OBJC_WEAK = YES;
				CLANG_WARN_BLOCK_CAPTURE_AUTORELEASING = YES;
				CLANG_WARN_BOOL_CONVERSION = YES;
				CLANG_WARN_COMMA = YES;
				CLANG_WARN_CONSTANT_CONVERSION = YES;
				CLANG_WARN_DEPRECATED_OBJC_IMPLEMENTATIONS = YES;
				CLANG_WARN_DIRECT_OBJC_ISA_USAGE = YES_ERROR;
				CLANG_WARN_DOCUMENTATION_COMMENTS = YES;
				CLANG_WARN_EMPTY_BODY = YES;
				CLANG_WARN_ENUM_CONVERSION = YES;
				CLANG_WARN_INFINITE_RECURSION = YES;
				CLANG_WARN_INT_CONVERSION = YES;
				CLANG_WARN_NON_LITERAL_NULL_CONVERSION = YES;
				CLANG_WARN_OBJC_IMPLICIT_RETAIN_SELF = YES;
				CLANG_WARN_OBJC_LITERAL_CONVERSION = YES;
				CLANG_WARN_OBJC_ROOT_CLASS = YES_ERROR;
				CLANG_WARN_RANGE_LOOP_ANALYSIS = YES;
				CLANG_WARN_STRICT_PROTOTYPES = YES;
				CLANG_WARN_SUSPICIOUS_MOVE = YES;
				CLANG_WARN_UNGUARDED_AVAILABILITY = YES_AGGRESSIVE;
				CLANG_WARN_UNREACHABLE_CODE = YES;
				CLANG_WARN__DUPLICATE_METHOD_MATCH = YES;
				COPY_PHASE_STRIP = NO;
				DEBUG_INFORMATION_FORMAT = "dwarf-with-dsym";
				ENABLE_NS_ASSERTIONS = NO;
				ENABLE_STRICT_OBJC_MSGSEND = YES;
				GCC_C_LANGUAGE_STANDARD = gnu11;
				GCC_NO_COMMON_BLOCKS = YES;
				GCC_WARN_64_TO_32_BIT_CONVERSION = YES;
				GCC_WARN_ABOUT_RETURN_TYPE = YES_ERROR;
				GCC_WARN_UNDECLARED_SELECTOR = YES;
				GCC_WARN_UNINITIALIZED_AUTOS = YES_AGGRESSIVE;
				GCC_WARN_UNUSED_FUNCTION = YES;
				GCC_WARN_UNUSED_VARIABLE = YES;
				IPHONEOS_DEPLOYMENT_TARGET = 13.1;
				MTL_ENABLE_DEBUG_INFO = NO;
				MTL_FAST_MATH = YES;
				SDKROOT = iphoneos;
				SWIFT_COMPILATION_MODE = wholemodule;
				SWIFT_OPTIMIZATION_LEVEL = "-O";
				VALIDATE_PRODUCT = YES;
			};
			name = Release;
		};
		99E735C92366EBFE00987270 /* Debug */ = {
			isa = XCBuildConfiguration;
			baseConfigurationReference = 5DEF5559A07847D8B1810108 /* Pods-AutoMLiOS.debug.xcconfig */;
			buildSettings = {
				ASSETCATALOG_COMPILER_APPICON_NAME = AppIcon;
				CODE_SIGN_STYLE = Automatic;
				DEVELOPMENT_TEAM = GLK7J5PP82;
				INFOPLIST_FILE = AutoMLiOS/Info.plist;
				LD_RUNPATH_SEARCH_PATHS = (
					"$(inherited)",
					"@executable_path/Frameworks",
				);
				PRODUCT_BUNDLE_IDENTIFIER = za.co.dvt.AutoMLiOS;
				PRODUCT_NAME = "$(TARGET_NAME)";
				SWIFT_VERSION = 5.0;
				TARGETED_DEVICE_FAMILY = "1,2";
			};
			name = Debug;
		};
		99E735CA2366EBFE00987270 /* Release */ = {
			isa = XCBuildConfiguration;
			baseConfigurationReference = AAB5988FB4CE8A5E167323CD /* Pods-AutoMLiOS.release.xcconfig */;
			buildSettings = {
				ASSETCATALOG_COMPILER_APPICON_NAME = AppIcon;
				CODE_SIGN_STYLE = Automatic;
				DEVELOPMENT_TEAM = GLK7J5PP82;
				INFOPLIST_FILE = AutoMLiOS/Info.plist;
				LD_RUNPATH_SEARCH_PATHS = (
					"$(inherited)",
					"@executable_path/Frameworks",
				);
				PRODUCT_BUNDLE_IDENTIFIER = za.co.dvt.AutoMLiOS;
				PRODUCT_NAME = "$(TARGET_NAME)";
				SWIFT_VERSION = 5.0;
				TARGETED_DEVICE_FAMILY = "1,2";
			};
			name = Release;
		};
		99E735CC2366EBFE00987270 /* Debug */ = {
			isa = XCBuildConfiguration;
			baseConfigurationReference = 3376E21EE7F229518F22356A /* Pods-AutoMLiOSTests.debug.xcconfig */;
			buildSettings = {
				ALWAYS_EMBED_SWIFT_STANDARD_LIBRARIES = YES;
				BUNDLE_LOADER = "$(TEST_HOST)";
				CODE_SIGN_STYLE = Automatic;
				DEVELOPMENT_TEAM = GLK7J5PP82;
				INFOPLIST_FILE = AutoMLiOSTests/Info.plist;
				IPHONEOS_DEPLOYMENT_TARGET = 13.1;
				LD_RUNPATH_SEARCH_PATHS = (
					"$(inherited)",
					"@executable_path/Frameworks",
					"@loader_path/Frameworks",
				);
				PRODUCT_BUNDLE_IDENTIFIER = za.co.dvt.AutoMLiOSTests;
				PRODUCT_NAME = "$(TARGET_NAME)";
				SWIFT_VERSION = 5.0;
				TARGETED_DEVICE_FAMILY = "1,2";
				TEST_HOST = "$(BUILT_PRODUCTS_DIR)/AutoMLiOS.app/AutoMLiOS";
			};
			name = Debug;
		};
		99E735CD2366EBFE00987270 /* Release */ = {
			isa = XCBuildConfiguration;
			baseConfigurationReference = F6187ED0B1FFCA6E36A73F35 /* Pods-AutoMLiOSTests.release.xcconfig */;
			buildSettings = {
				ALWAYS_EMBED_SWIFT_STANDARD_LIBRARIES = YES;
				BUNDLE_LOADER = "$(TEST_HOST)";
				CODE_SIGN_STYLE = Automatic;
				DEVELOPMENT_TEAM = GLK7J5PP82;
				INFOPLIST_FILE = AutoMLiOSTests/Info.plist;
				IPHONEOS_DEPLOYMENT_TARGET = 13.1;
				LD_RUNPATH_SEARCH_PATHS = (
					"$(inherited)",
					"@executable_path/Frameworks",
					"@loader_path/Frameworks",
				);
				PRODUCT_BUNDLE_IDENTIFIER = za.co.dvt.AutoMLiOSTests;
				PRODUCT_NAME = "$(TARGET_NAME)";
				SWIFT_VERSION = 5.0;
				TARGETED_DEVICE_FAMILY = "1,2";
				TEST_HOST = "$(BUILT_PRODUCTS_DIR)/AutoMLiOS.app/AutoMLiOS";
			};
			name = Release;
		};
		99E735CF2366EBFE00987270 /* Debug */ = {
			isa = XCBuildConfiguration;
			baseConfigurationReference = 7FCD8A0670A50C408922481B /* Pods-AutoMLiOS-AutoMLiOSUITests.debug.xcconfig */;
			buildSettings = {
				ALWAYS_EMBED_SWIFT_STANDARD_LIBRARIES = YES;
				CODE_SIGN_STYLE = Automatic;
				DEVELOPMENT_TEAM = GLK7J5PP82;
				INFOPLIST_FILE = AutoMLiOSUITests/Info.plist;
				LD_RUNPATH_SEARCH_PATHS = (
					"$(inherited)",
					"@executable_path/Frameworks",
					"@loader_path/Frameworks",
				);
				PRODUCT_BUNDLE_IDENTIFIER = za.co.dvt.AutoMLiOSUITests;
				PRODUCT_NAME = "$(TARGET_NAME)";
				SWIFT_VERSION = 5.0;
				TARGETED_DEVICE_FAMILY = "1,2";
				TEST_TARGET_NAME = AutoMLiOS;
			};
			name = Debug;
		};
		99E735D02366EBFE00987270 /* Release */ = {
			isa = XCBuildConfiguration;
			baseConfigurationReference = 174004B4D49DD99C4AF4E6D8 /* Pods-AutoMLiOS-AutoMLiOSUITests.release.xcconfig */;
			buildSettings = {
				ALWAYS_EMBED_SWIFT_STANDARD_LIBRARIES = YES;
				CODE_SIGN_STYLE = Automatic;
				DEVELOPMENT_TEAM = GLK7J5PP82;
				INFOPLIST_FILE = AutoMLiOSUITests/Info.plist;
				LD_RUNPATH_SEARCH_PATHS = (
					"$(inherited)",
					"@executable_path/Frameworks",
					"@loader_path/Frameworks",
				);
				PRODUCT_BUNDLE_IDENTIFIER = za.co.dvt.AutoMLiOSUITests;
				PRODUCT_NAME = "$(TARGET_NAME)";
				SWIFT_VERSION = 5.0;
				TARGETED_DEVICE_FAMILY = "1,2";
				TEST_TARGET_NAME = AutoMLiOS;
			};
			name = Release;
		};
/* End XCBuildConfiguration section */

/* Begin XCConfigurationList section */
		99E735992366EBFA00987270 /* Build configuration list for PBXProject "AutoMLiOS" */ = {
			isa = XCConfigurationList;
			buildConfigurations = (
				99E735C62366EBFE00987270 /* Debug */,
				99E735C72366EBFE00987270 /* Release */,
			);
			defaultConfigurationIsVisible = 0;
			defaultConfigurationName = Release;
		};
		99E735C82366EBFE00987270 /* Build configuration list for PBXNativeTarget "AutoMLiOS" */ = {
			isa = XCConfigurationList;
			buildConfigurations = (
				99E735C92366EBFE00987270 /* Debug */,
				99E735CA2366EBFE00987270 /* Release */,
			);
			defaultConfigurationIsVisible = 0;
			defaultConfigurationName = Release;
		};
		99E735CB2366EBFE00987270 /* Build configuration list for PBXNativeTarget "AutoMLiOSTests" */ = {
			isa = XCConfigurationList;
			buildConfigurations = (
				99E735CC2366EBFE00987270 /* Debug */,
				99E735CD2366EBFE00987270 /* Release */,
			);
			defaultConfigurationIsVisible = 0;
			defaultConfigurationName = Release;
		};
		99E735CE2366EBFE00987270 /* Build configuration list for PBXNativeTarget "AutoMLiOSUITests" */ = {
			isa = XCConfigurationList;
			buildConfigurations = (
				99E735CF2366EBFE00987270 /* Debug */,
				99E735D02366EBFE00987270 /* Release */,
			);
			defaultConfigurationIsVisible = 0;
			defaultConfigurationName = Release;
		};
/* End XCConfigurationList section */
	};
	rootObject = 99E735962366EBFA00987270 /* Project object */;
}
